
Microsoft Visual Studio Solution File, Format Version 12.00
# Visual Studio Version 17
VisualStudioVersion = 17.5.33502.453
MinimumVisualStudioVersion = 10.0.40219.1
Project("{8BC9CEB8-8B4A-11D0-8D11-00A0C91BC942}") = "record_pushstream_widget", "record_pushstream_widget\record_pushstream_widget.vcxproj", "{BF4EA9B2-A022-424E-BC01-829405DFCCB1}"
EndProject
Global
	GlobalSection(SolutionConfigurationPlatforms) = preSolution
		Debug|x64 = Debug|x64
		Release|x64 = Release|x64
	EndGlobalSection
	GlobalSection(ProjectConfigurationPlatforms) = postSolution
		{BF4EA9B2-A022-424E-BC01-829405DFCCB1}.Debug|x64.ActiveCfg = Debug|x64
		{BF4EA9B2-A022-424E-BC01-829405DFCCB1}.Debug|x64.Build.0 = Debug|x64
		{BF4EA9B2-A022-424E-BC01-829405DFCCB1}.Release|x64.ActiveCfg = Release|x64
		{BF4EA9B2-A022-424E-BC01-829405DFCCB1}.Release|x64.Build.0 = Release|x64
	EndGlobalSection
	GlobalSection(SolutionProperties) = preSolution
		HideSolutionNode = FALSE
	EndGlobalSection
	GlobalSection(ExtensibilityGlobals) = postSolution
		SolutionGuid = {A498177D-2917-432E-BD89-7B44CADF6590}
	EndGlobalSection
EndGlobal
